
Microsoft Visual Studio Solution File, Format Version 12.00
# Visual Studio Version 16
VisualStudioVersion = 16.0.29411.108
MinimumVisualStudioVersion = 10.0.40219.1
Project("{8BC9CEB8-8B4A-11D0-8D11-00A0C91BC942}") = "DataStruct", "DataStruct\DataStruct.vcxproj", "{B3B1FC28-F12B-4E01-8D7A-1F49AD357D1A}"
EndProject
Global
	GlobalSection(SolutionConfigurationPlatforms) = preSolution
		Debug|x64 = Debug|x64
		Debug|x86 = Debug|x86
		Release|x64 = Release|x64
		Release|x86 = Release|x86
	EndGlobalSection
	GlobalSection(ProjectConfigurationPlatforms) = postSolution
		{B3B1FC28-F12B-4E01-8D7A-1F49AD357D1A}.Debug|x64.ActiveCfg = Debug|x64
		{B3B1FC28-F12B-4E01-8D7A-1F49AD357D1A}.Debug|x64.Build.0 = Debug|x64
		{B3B1FC28-F12B-4E01-8D7A-1F49AD357D1A}.Debug|x86.ActiveCfg = Debug|Win32
		{B3B1FC28-F12B-4E01-8D7A-1F49AD357D1A}.Debug|x86.Build.0 = Debug|Win32
		{B3B1FC28-F12B-4E01-8D7A-1F49AD357D1A}.Release|x64.ActiveCfg = Release|x64
		{B3B1FC28-F12B-4E01-8D7A-1F49AD357D1A}.Release|x64.Build.0 = Release|x64
		{B3B1FC28-F12B-4E01-8D7A-1F49AD357D1A}.Release|x86.ActiveCfg = Release|Win32
		{B3B1FC28-F12B-4E01-8D7A-1F49AD357D1A}.Release|x86.Build.0 = Release|Win32
	EndGlobalSection
	GlobalSection(SolutionProperties) = preSolution
		HideSolutionNode = FALSE
	EndGlobalSection
	GlobalSection(ExtensibilityGlobals) = postSolution
		SolutionGuid = {39373970-6199-4071-A37F-5476FBCFE65C}
	EndGlobalSection
EndGlobal
